<?xml version="1.0" encoding="utf-8"?>
<Project ToolsVersion="4.0" xmlns="http://schemas.microsoft.com/developer/msbuild/2003">
  <ItemGroup>
    <ClCompile Include="src\main.cpp" />
    <ClCompile Include="src\Game\Sprite.h" />
    <ClCompile Include="src\Utils\ObjectMaker.cpp" />
    <ClCompile Include="src\App.cpp" />
    <ClCompile Include="src\SdlImpl\SdlWindow.cpp" />
    <ClCompile Include="src\SdlImpl\SdlSprite.cpp" />
    <ClCompile Include="src\RaylibImpl\RaylibWindow.cpp" />
    <ClCompile Include="src\RaylibImpl\RaylibSprite.h" />
    <ClCompile Include="src\RaylibImpl\RaylibSprite.cpp" />
    <ClCompile Include="src\Utils\LibraryPicker.cpp" />
    <ClCompile Include="src\SdlImpl\SdlMouseInput.cpp" />
    <ClCompile Include="src\RaylibImpl\RaylibMouseInput.cpp" />
  </ItemGroup>
  <ItemGroup>
    <ClInclude Include="src\Game\IWindow.h" />
    <ClInclude Include="src\Utils\ObjectMaker.h" />
    <ClInclude Include="src\App.h" />
    <ClInclude Include="src\SdlImpl\SdlWindow.h" />
    <ClInclude Include="src\SdlImpl\SdlSprite.h" />
    <ClInclude Include="src\Game\Resources.h" />
    <ClInclude Include="src\RaylibImpl\RaylibWindow.h" />
    <ClInclude Include="src\Utils\LibraryPicker.h" />
    <ClInclude Include="src\Utils\RandomHelper.h" />
    <ClInclude Include="src\Game\GameElement.h" />
    <ClInclude Include="src\Utils\Vec2.h" />
    <ClInclude Include="src\Utils\Rect.h" />
    <ClInclude Include="src\Utils\MyColor.h" />
    <ClInclude Include="src\Game\Text.h" />
    <ClInclude Include="src\Game\IMouseInput.h" />
    <ClInclude Include="src\SdlImpl\SdlMouseInput.h" />
    <ClInclude Include="src\RaylibImpl\RaylibMouseInput.h" />
    <ClInclude Include="src\Game\MyTexture.h" />
  </ItemGroup>
</Project>